// !$*UTF8*$!
{
	archiveVersion = 1;
	classes = {
	};
	objectVersion = 46;
	objects = {

/* Begin PBXBuildFile section */
		CB21C47A16F18FDC00AD7B38 /* UIKit.framework in Frameworks */ = {isa = PBXBuildFile; fileRef = CB21C47916F18FDC00AD7B38 /* UIKit.framework */; };
		CB21C47C16F18FDC00AD7B38 /* Foundation.framework in Frameworks */ = {isa = PBXBuildFile; fileRef = CB21C47B16F18FDC00AD7B38 /* Foundation.framework */; };
		CB21C47E16F18FDC00AD7B38 /* CoreGraphics.framework in Frameworks */ = {isa = PBXBuildFile; fileRef = CB21C47D16F18FDC00AD7B38 /* CoreGraphics.framework */; };
		CB21C48416F18FDC00AD7B38 /* InfoPlist.strings in Resources */ = {isa = PBXBuildFile; fileRef = CB21C48216F18FDC00AD7B38 /* InfoPlist.strings */; };
		CB21C48616F18FDC00AD7B38 /* main.m in Sources */ = {isa = PBXBuildFile; fileRef = CB21C48516F18FDC00AD7B38 /* main.m */; };
		CB21C48A16F18FDC00AD7B38 /* AppDelegate.m in Sources */ = {isa = PBXBuildFile; fileRef = CB21C48916F18FDC00AD7B38 /* AppDelegate.m */; };
		CB21C48C16F18FDC00AD7B38 /* Default.png in Resources */ = {isa = PBXBuildFile; fileRef = CB21C48B16F18FDC00AD7B38 /* Default.png */; };
		CB21C48E16F18FDC00AD7B38 /* Default@2x.png in Resources */ = {isa = PBXBuildFile; fileRef = CB21C48D16F18FDC00AD7B38 /* Default@2x.png */; };
		CB21C49016F18FDC00AD7B38 /* Default-568h@2x.png in Resources */ = {isa = PBXBuildFile; fileRef = CB21C48F16F18FDC00AD7B38 /* Default-568h@2x.png */; };
		CB21C49316F18FDC00AD7B38 /* MainStoryboard_iPhone.storyboard in Resources */ = {isa = PBXBuildFile; fileRef = CB21C49116F18FDC00AD7B38 /* MainStoryboard_iPhone.storyboard */; };
		CB21C49616F18FDC00AD7B38 /* MainStoryboard_iPad.storyboard in Resources */ = {isa = PBXBuildFile; fileRef = CB21C49416F18FDC00AD7B38 /* MainStoryboard_iPad.storyboard */; };
		CB21C49916F18FDC00AD7B38 /* ViewController.m in Sources */ = {isa = PBXBuildFile; fileRef = CB21C49816F18FDC00AD7B38 /* ViewController.m */; };
/* End PBXBuildFile section */

/* Begin PBXFileReference section */
		CB21C47616F18FDB00AD7B38 /* BaseTemplate.app */ = {isa = PBXFileReference; explicitFileType = wrapper.application; includeInIndex = 0; path = BaseTemplate.app; sourceTree = BUILT_PRODUCTS_DIR; };
		CB21C47916F18FDC00AD7B38 /* UIKit.framework */ = {isa = PBXFileReference; lastKnownFileType = wrapper.framework; name = UIKit.framework; path = System/Library/Frameworks/UIKit.framework; sourceTree = SDKROOT; };
		CB21C47B16F18FDC00AD7B38 /* Foundation.framework */ = {isa = PBXFileReference; lastKnownFileType = wrapper.framework; name = Foundation.framework; path = System/Library/Frameworks/Foundation.framework; sourceTree = SDKROOT; };
		CB21C47D16F18FDC00AD7B38 /* CoreGraphics.framework */ = {isa = PBXFileReference; lastKnownFileType = wrapper.framework; name = CoreGraphics.framework; path = System/Library/Frameworks/CoreGraphics.framework; sourceTree = SDKROOT; };
		CB21C48116F18FDC00AD7B38 /* BaseTemplate-Info.plist */ = {isa = PBXFileReference; lastKnownFileType = text.plist.xml; path = "BaseTemplate-Info.plist"; sourceTree = "<group>"; };
		CB21C48316F18FDC00AD7B38 /* en */ = {isa = PBXFileReference; lastKnownFileType = text.plist.strings; name = en; path = en.lproj/InfoPlist.strings; sourceTree = "<group>"; };
		CB21C48516F18FDC00AD7B38 /* main.m */ = {isa = PBXFileReference; lastKnownFileType = sourcecode.c.objc; path = main.m; sourceTree = "<group>"; };
		CB21C48716F18FDC00AD7B38 /* BaseTemplate-Prefix.pch */ = {isa = PBXFileReference; lastKnownFileType = sourcecode.c.h; path = "BaseTemplate-Prefix.pch"; sourceTree = "<group>"; };
		CB21C48816F18FDC00AD7B38 /* AppDelegate.h */ = {isa = PBXFileReference; lastKnownFileType = sourcecode.c.h; path = AppDelegate.h; sourceTree = "<group>"; };
		CB21C48916F18FDC00AD7B38 /* AppDelegate.m */ = {isa = PBXFileReference; lastKnownFileType = sourcecode.c.objc; path = AppDelegate.m; sourceTree = "<group>"; };
		CB21C48B16F18FDC00AD7B38 /* Default.png */ = {isa = PBXFileReference; lastKnownFileType = image.png; path = Default.png; sourceTree = "<group>"; };
		CB21C48D16F18FDC00AD7B38 /* Default@2x.png */ = {isa = PBXFileReference; lastKnownFileType = image.png; path = "Default@2x.png"; sourceTree = "<group>"; };
		CB21C48F16F18FDC00AD7B38 /* Default-568h@2x.png */ = {isa = PBXFileReference; lastKnownFileType = image.png; path = "Default-568h@2x.png"; sourceTree = "<group>"; };
		CB21C49216F18FDC00AD7B38 /* en */ = {isa = PBXFileReference; lastKnownFileType = file.storyboard; name = en; path = en.lproj/MainStoryboard_iPhone.storyboard; sourceTree = "<group>"; };
		CB21C49516F18FDC00AD7B38 /* en */ = {isa = PBXFileReference; lastKnownFileType = file.storyboard; name = en; path = en.lproj/MainStoryboard_iPad.storyboard; sourceTree = "<group>"; };
		CB21C49716F18FDC00AD7B38 /* ViewController.h */ = {isa = PBXFileReference; lastKnownFileType = sourcecode.c.h; path = ViewController.h; sourceTree = "<group>"; };
		CB21C49816F18FDC00AD7B38 /* ViewController.m */ = {isa = PBXFileReference; lastKnownFileType = sourcecode.c.objc; path = ViewController.m; sourceTree = "<group>"; };
/* End PBXFileReference section */

/* Begin PBXFrameworksBuildPhase section */
		CB21C47316F18FDB00AD7B38 /* Frameworks */ = {
			isa = PBXFrameworksBuildPhase;
			buildActionMask = 2147483647;
			files = (
				CB21C47A16F18FDC00AD7B38 /* UIKit.framework in Frameworks */,
				CB21C47C16F18FDC00AD7B38 /* Foundation.framework in Frameworks */,
				CB21C47E16F18FDC00AD7B38 /* CoreGraphics.framework in Frameworks */,
			);
			runOnlyForDeploymentPostprocessing = 0;
		};
/* End PBXFrameworksBuildPhase section */

/* Begin PBXGroup section */
		CB21C46D16F18FDB00AD7B38 = {
			isa = PBXGroup;
			children = (
				CB21C47F16F18FDC00AD7B38 /* BaseTemplate */,
				CB21C47816F18FDB00AD7B38 /* Frameworks */,
				CB21C47716F18FDB00AD7B38 /* Products */,
			);
			sourceTree = "<group>";
		};
		CB21C47716F18FDB00AD7B38 /* Products */ = {
			isa = PBXGroup;
			children = (
				CB21C47616F18FDB00AD7B38 /* BaseTemplate.app */,
			);
			name = Products;
			sourceTree = "<group>";
		};
		CB21C47816F18FDB00AD7B38 /* Frameworks */ = {
			isa = PBXGroup;
			children = (
				CB21C47916F18FDC00AD7B38 /* UIKit.framework */,
				CB21C47B16F18FDC00AD7B38 /* Foundation.framework */,
				CB21C47D16F18FDC00AD7B38 /* CoreGraphics.framework */,
			);
			name = Frameworks;
			sourceTree = "<group>";
		};
		CB21C47F16F18FDC00AD7B38 /* BaseTemplate */ = {
			isa = PBXGroup;
			children = (
				CB21C48816F18FDC00AD7B38 /* AppDelegate.h */,
				CB21C48916F18FDC00AD7B38 /* AppDelegate.m */,
				CB21C49116F18FDC00AD7B38 /* MainStoryboard_iPhone.storyboard */,
				CB21C49416F18FDC00AD7B38 /* MainStoryboard_iPad.storyboard */,
				CB21C49716F18FDC00AD7B38 /* ViewController.h */,
				CB21C49816F18FDC00AD7B38 /* ViewController.m */,
				CB21C48016F18FDC00AD7B38 /* Supporting Files */,
			);
			path = BaseTemplate;
			sourceTree = "<group>";
		};
		CB21C48016F18FDC00AD7B38 /* Supporting Files */ = {
			isa = PBXGroup;
			children = (
				CB21C48116F18FDC00AD7B38 /* BaseTemplate-Info.plist */,
				CB21C48216F18FDC00AD7B38 /* InfoPlist.strings */,
				CB21C48516F18FDC00AD7B38 /* main.m */,
				CB21C48716F18FDC00AD7B38 /* BaseTemplate-Prefix.pch */,
				CB21C48B16F18FDC00AD7B38 /* Default.png */,
				CB21C48D16F18FDC00AD7B38 /* Default@2x.png */,
				CB21C48F16F18FDC00AD7B38 /* Default-568h@2x.png */,
			);
			name = "Supporting Files";
			sourceTree = "<group>";
		};
/* End PBXGroup section */

/* Begin PBXNativeTarget section */
		CB21C47516F18FDB00AD7B38 /* BaseTemplate */ = {
			isa = PBXNativeTarget;
			buildConfigurationList = CB21C49C16F18FDC00AD7B38 /* Build configuration list for PBXNativeTarget "BaseTemplate" */;
			buildPhases = (
				CB21C47216F18FDB00AD7B38 /* Sources */,
				CB21C47316F18FDB00AD7B38 /* Frameworks */,
				CB21C47416F18FDB00AD7B38 /* Resources */,
			);
			buildRules = (
			);
			dependencies = (
			);
			name = BaseTemplate;
			productName = BaseTemplate;
			productReference = CB21C47616F18FDB00AD7B38 /* BaseTemplate.app */;
			productType = "com.apple.product-type.application";
		};
/* End PBXNativeTarget section */

/* Begin PBXProject section */
		CB21C46E16F18FDB00AD7B38 /* Project object */ = {
			isa = PBXProject;
			attributes = {
				LastUpgradeCheck = 0460;
				ORGANIZATIONNAME = "Jonnel Ryan";
			};
			buildConfigurationList = CB21C47116F18FDB00AD7B38 /* Build configuration list for PBXProject "BaseTemplate" */;
			compatibilityVersion = "Xcode 3.2";
			developmentRegion = English;
			hasScannedForEncodings = 0;
			knownRegions = (
				en,
			);
			mainGroup = CB21C46D16F18FDB00AD7B38;
			productRefGroup = CB21C47716F18FDB00AD7B38 /* Products */;
			projectDirPath = "";
			projectRoot = "";
			targets = (
				CB21C47516F18FDB00AD7B38 /* BaseTemplate */,
			);
		};
/* End PBXProject section */

/* Begin PBXResourcesBuildPhase section */
		CB21C47416F18FDB00AD7B38 /* Resources */ = {
			isa = PBXResourcesBuildPhase;
			buildActionMask = 2147483647;
			files = (
				CB21C48416F18FDC00AD7B38 /* InfoPlist.strings in Resources */,
				CB21C48C16F18FDC00AD7B38 /* Default.png in Resources */,
				CB21C48E16F18FDC00AD7B38 /* Default@2x.png in Resources */,
				CB21C49016F18FDC00AD7B38 /* Default-568h@2x.png in Resources */,
				CB21C49316F18FDC00AD7B38 /* MainStoryboard_iPhone.storyboard in Resources */,
				CB21C49616F18FDC00AD7B38 /* MainStoryboard_iPad.storyboard in Resources */,
			);
			runOnlyForDeploymentPostprocessing = 0;
		};
/* End PBXResourcesBuildPhase section */

/* Begin PBXSourcesBuildPhase section */
		CB21C47216F18FDB00AD7B38 /* Sources */ = {
			isa = PBXSourcesBuildPhase;
			buildActionMask = 2147483647;
			files = (
				CB21C48616F18FDC00AD7B38 /* main.m in Sources */,
				CB21C48A16F18FDC00AD7B38 /* AppDelegate.m in Sources */,
				CB21C49916F18FDC00AD7B38 /* ViewController.m in Sources */,
			);
			runOnlyForDeploymentPostprocessing = 0;
		};
/* End PBXSourcesBuildPhase section */

/* Begin PBXVariantGroup section */
		CB21C48216F18FDC00AD7B38 /* InfoPlist.strings */ = {
			isa = PBXVariantGroup;
			children = (
				CB21C48316F18FDC00AD7B38 /* en */,
			);
			name = InfoPlist.strings;
			sourceTree = "<group>";
		};
		CB21C49116F18FDC00AD7B38 /* MainStoryboard_iPhone.storyboard */ = {
			isa = PBXVariantGroup;
			children = (
				CB21C49216F18FDC00AD7B38 /* en */,
			);
			name = MainStoryboard_iPhone.storyboard;
			sourceTree = "<group>";
		};
		CB21C49416F18FDC00AD7B38 /* MainStoryboard_iPad.storyboard */ = {
			isa = PBXVariantGroup;
			children = (
				CB21C49516F18FDC00AD7B38 /* en */,
			);
			name = MainStoryboard_iPad.storyboard;
			sourceTree = "<group>";
		};
/* End PBXVariantGroup section */

/* Begin XCBuildConfiguration section */
		CB21C49A16F18FDC00AD7B38 /* Debug */ = {
			isa = XCBuildConfiguration;
			buildSettings = {
				ALWAYS_SEARCH_USER_PATHS = NO;
				CLANG_CXX_LANGUAGE_STANDARD = "gnu++0x";
				CLANG_CXX_LIBRARY = "libc++";
				CLANG_ENABLE_OBJC_ARC = YES;
				CLANG_WARN_CONSTANT_CONVERSION = YES;
				CLANG_WARN_EMPTY_BODY = YES;
				CLANG_WARN_ENUM_CONVERSION = YES;
				CLANG_WARN_INT_CONVERSION = YES;
				CLANG_WARN__DUPLICATE_METHOD_MATCH = YES;
				"CODE_SIGN_IDENTITY[sdk=iphoneos*]" = "iPhone Developer";
				COPY_PHASE_STRIP = NO;
				GCC_C_LANGUAGE_STANDARD = gnu99;
				GCC_DYNAMIC_NO_PIC = NO;
				GCC_OPTIMIZATION_LEVEL = 0;
				GCC_PREPROCESSOR_DEFINITIONS = (
					"DEBUG=1",
					"$(inherited)",
				);
				GCC_SYMBOLS_PRIVATE_EXTERN = NO;
				GCC_WARN_ABOUT_RETURN_TYPE = YES;
				GCC_WARN_UNINITIALIZED_AUTOS = YES;
				GCC_WARN_UNUSED_VARIABLE = YES;
				IPHONEOS_DEPLOYMENT_TARGET = 6.1;
				ONLY_ACTIVE_ARCH = YES;
				SDKROOT = iphoneos;
				TARGETED_DEVICE_FAMILY = "1,2";
			};
			name = Debug;
		};
		CB21C49B16F18FDC00AD7B38 /* Release */ = {
			isa = XCBuildConfiguration;
			buildSettings = {
				ALWAYS_SEARCH_USER_PATHS = NO;
				CLANG_CXX_LANGUAGE_STANDARD = "gnu++0x";
				CLANG_CXX_LIBRARY = "libc++";
				CLANG_ENABLE_OBJC_ARC = YES;
				CLANG_WARN_CONSTANT_CONVERSION = YES;
				CLANG_WARN_EMPTY_BODY = YES;
				CLANG_WARN_ENUM_CONVERSION = YES;
				CLANG_WARN_INT_CONVERSION = YES;
				CLANG_WARN__DUPLICATE_METHOD_MATCH = YES;
				"CODE_SIGN_IDENTITY[sdk=iphoneos*]" = "iPhone Developer";
				COPY_PHASE_STRIP = YES;
				GCC_C_LANGUAGE_STANDARD = gnu99;
				GCC_WARN_ABOUT_RETURN_TYPE = YES;
				GCC_WARN_UNINITIALIZED_AUTOS = YES;
				GCC_WARN_UNUSED_VARIABLE = YES;
				IPHONEOS_DEPLOYMENT_TARGET = 6.1;
				OTHER_CFLAGS = "-DNS_BLOCK_ASSERTIONS=1";
				SDKROOT = iphoneos;
				TARGETED_DEVICE_FAMILY = "1,2";
				VALIDATE_PRODUCT = YES;
			};
			name = Release;
		};
		CB21C49D16F18FDC00AD7B38 /* Debug */ = {
			isa = XCBuildConfiguration;
			buildSettings = {
				GCC_PRECOMPILE_PREFIX_HEADER = YES;
				GCC_PREFIX_HEADER = "BaseTemplate/BaseTemplate-Prefix.pch";
				INFOPLIST_FILE = "BaseTemplate/BaseTemplate-Info.plist";
				PRODUCT_NAME = "$(TARGET_NAME)";
				WRAPPER_EXTENSION = app;
			};
			name = Debug;
		};
		CB21C49E16F18FDC00AD7B38 /* Release */ = {
			isa = XCBuildConfiguration;
			buildSettings = {
				GCC_PRECOMPILE_PREFIX_HEADER = YES;
				GCC_PREFIX_HEADER = "BaseTemplate/BaseTemplate-Prefix.pch";
				INFOPLIST_FILE = "BaseTemplate/BaseTemplate-Info.plist";
				PRODUCT_NAME = "$(TARGET_NAME)";
				WRAPPER_EXTENSION = app;
			};
			name = Release;
		};
/* End XCBuildConfiguration section */

/* Begin XCConfigurationList section */
		CB21C47116F18FDB00AD7B38 /* Build configuration list for PBXProject "BaseTemplate" */ = {
			isa = XCConfigurationList;
			buildConfigurations = (
				CB21C49A16F18FDC00AD7B38 /* Debug */,
				CB21C49B16F18FDC00AD7B38 /* Release */,
			);
			defaultConfigurationIsVisible = 0;
			defaultConfigurationName = Release;
		};
		CB21C49C16F18FDC00AD7B38 /* Build configuration list for PBXNativeTarget "BaseTemplate" */ = {
			isa = XCConfigurationList;
			buildConfigurations = (
				CB21C49D16F18FDC00AD7B38 /* Debug */,
				CB21C49E16F18FDC00AD7B38 /* Release */,
			);
			defaultConfigurationIsVisible = 0;
		};
/* End XCConfigurationList section */
	};
	rootObject = CB21C46E16F18FDB00AD7B38 /* Project object */;
}
